
Microsoft Visual Studio Solution File, Format Version 12.00
# Visual Studio 15
VisualStudioVersion = 15.0.26730.16
MinimumVisualStudioVersion = 10.0.40219.1
Project("{8BC9CEB8-8B4A-11D0-8D11-00A0C91BC942}") = "sudoku", "sudoku\sudoku.vcxproj", "{7355CDA2-67FD-427B-A98E-1825FAA96D54}"
EndProject
Project("{8BC9CEB8-8B4A-11D0-8D11-00A0C91BC942}") = "UnitTest2", "UnitTest2\UnitTest2.vcxproj", "{46A3A5F5-0A11-4A24-9AB6-4CD2948924FE}"
EndProject
Global
	GlobalSection(SolutionConfigurationPlatforms) = preSolution
		Debug|x64 = Debug|x64
		Debug|x86 = Debug|x86
		Release|x64 = Release|x64
		Release|x86 = Release|x86
	EndGlobalSection
	GlobalSection(ProjectConfigurationPlatforms) = postSolution
		{7355CDA2-67FD-427B-A98E-1825FAA96D54}.Debug|x64.ActiveCfg = Debug|x64
		{7355CDA2-67FD-427B-A98E-1825FAA96D54}.Debug|x64.Build.0 = Debug|x64
		{7355CDA2-67FD-427B-A98E-1825FAA96D54}.Debug|x86.ActiveCfg = Debug|Win32
		{7355CDA2-67FD-427B-A98E-1825FAA96D54}.Debug|x86.Build.0 = Debug|Win32
		{7355CDA2-67FD-427B-A98E-1825FAA96D54}.Release|x64.ActiveCfg = Release|x64
		{7355CDA2-67FD-427B-A98E-1825FAA96D54}.Release|x64.Build.0 = Release|x64
		{7355CDA2-67FD-427B-A98E-1825FAA96D54}.Release|x86.ActiveCfg = Release|Win32
		{7355CDA2-67FD-427B-A98E-1825FAA96D54}.Release|x86.Build.0 = Release|Win32
		{46A3A5F5-0A11-4A24-9AB6-4CD2948924FE}.Debug|x64.ActiveCfg = Debug|x64
		{46A3A5F5-0A11-4A24-9AB6-4CD2948924FE}.Debug|x64.Build.0 = Debug|x64
		{46A3A5F5-0A11-4A24-9AB6-4CD2948924FE}.Debug|x86.ActiveCfg = Debug|Win32
		{46A3A5F5-0A11-4A24-9AB6-4CD2948924FE}.Debug|x86.Build.0 = Debug|Win32
		{46A3A5F5-0A11-4A24-9AB6-4CD2948924FE}.Release|x64.ActiveCfg = Release|x64
		{46A3A5F5-0A11-4A24-9AB6-4CD2948924FE}.Release|x64.Build.0 = Release|x64
		{46A3A5F5-0A11-4A24-9AB6-4CD2948924FE}.Release|x86.ActiveCfg = Release|Win32
		{46A3A5F5-0A11-4A24-9AB6-4CD2948924FE}.Release|x86.Build.0 = Release|Win32
	EndGlobalSection
	GlobalSection(SolutionProperties) = preSolution
		HideSolutionNode = FALSE
	EndGlobalSection
	GlobalSection(ExtensibilityGlobals) = postSolution
		SolutionGuid = {FC013FAC-E10E-4FE5-8013-DA588AFED758}
	EndGlobalSection
EndGlobal
